
Microsoft Visual Studio Solution File, Format Version 12.00
Project("{FAE04EC0-301F-11D3-BF4B-00C04F79EFBC}") = "RestSharp.Samples.FileUpload", "RestSharp.Samples.FileUpload\RestSharp.Samples.FileUpload.csproj", "{C806571F-4085-4938-836F-E9E1A0C4A056}"
EndProject
Project("{FAE04EC0-301F-11D3-BF4B-00C04F79EFBC}") = "RestSharp.Samples.FileUpload.Client", "RestSharp.Samples.FileUpload.Client\RestSharp.Samples.FileUpload.Client.csproj", "{DA9E56AC-5611-453D-B817-ABC50073FEA4}"
EndProject
Global
	GlobalSection(SolutionConfigurationPlatforms) = preSolution
		Debug|Any CPU = Debug|Any CPU
		Release|Any CPU = Release|Any CPU
	EndGlobalSection
	GlobalSection(ProjectConfigurationPlatforms) = postSolution
		{C806571F-4085-4938-836F-E9E1A0C4A056}.Debug|Any CPU.ActiveCfg = Debug|Any CPU
		{C806571F-4085-4938-836F-E9E1A0C4A056}.Debug|Any CPU.Build.0 = Debug|Any CPU
		{C806571F-4085-4938-836F-E9E1A0C4A056}.Release|Any CPU.ActiveCfg = Release|Any CPU
		{C806571F-4085-4938-836F-E9E1A0C4A056}.Release|Any CPU.Build.0 = Release|Any CPU
		{DA9E56AC-5611-453D-B817-ABC50073FEA4}.Debug|Any CPU.ActiveCfg = Debug|Any CPU
		{DA9E56AC-5611-453D-B817-ABC50073FEA4}.Debug|Any CPU.Build.0 = Debug|Any CPU
		{DA9E56AC-5611-453D-B817-ABC50073FEA4}.Release|Any CPU.ActiveCfg = Release|Any CPU
		{DA9E56AC-5611-453D-B817-ABC50073FEA4}.Release|Any CPU.Build.0 = Release|Any CPU
	EndGlobalSection
EndGlobal
